<?xml version="1.0" encoding="utf-8"?>
<Project ToolsVersion="4.0" xmlns="http://schemas.microsoft.com/developer/msbuild/2003">
  <ItemGroup>
    <Filter Include="Console">
      <UniqueIdentifier>{389F3134-A47E-B0CF-AD96-3BA619F51631}</UniqueIdentifier>
    </Filter>
    <Filter Include="Graphics">
      <UniqueIdentifier>{1653CE33-0220-293F-2B39-17E717655ECD}</UniqueIdentifier>
    </Filter>
    <Filter Include="Graphics\Buffers">
      <UniqueIdentifier>{92C817CE-7EC1-3620-A7F3-1BA5934B162C}</UniqueIdentifier>
    </Filter>
    <Filter Include="Graphics\Camera">
      <UniqueIdentifier>{CED20E8B-3A5E-7C4F-436F-FF43AF79D84F}</UniqueIdentifier>
    </Filter>
    <Filter Include="Graphics\Model">
      <UniqueIdentifier>{D634D488-C202-C88E-AB96-38B59703A4F3}</UniqueIdentifier>
    </Filter>
    <Filter Include="Graphics\Shaders">
      <UniqueIdentifier>{EF2D07CC-DB26-261E-0459-0BA3F0B0052A}</UniqueIdentifier>
    </Filter>
    <Filter Include="Graphics\Shaders\PS">
      <UniqueIdentifier>{21EED73B-8D4F-B549-16BD-FBFB821DEC08}</UniqueIdentifier>
    </Filter>
    <Filter Include="Graphics\Shaders\VS">
      <UniqueIdentifier>{E7EED73B-5350-B549-DCBD-FBFB481EEC08}</UniqueIdentifier>
    </Filter>
    <Filter Include="Graphics\Shapes">
      <UniqueIdentifier>{09A1D9B0-752C-4775-7E3D-CA69EA47A375}</UniqueIdentifier>
    </Filter>
    <Filter Include="MemoryTracker">
      <UniqueIdentifier>{0A814603-7641-C239-3F7C-0BB7ABFB0616}</UniqueIdentifier>
    </Filter>
    <Filter Include="SimpleUtilities">
      <UniqueIdentifier>{2B8A4039-9715-AEFD-A026-31F20C310AFE}</UniqueIdentifier>
    </Filter>
  </ItemGroup>
  <ItemGroup>
    <ClInclude Include="Console\Console.h">
      <Filter>Console</Filter>
    </ClInclude>
    <ClInclude Include="Graphics\Buffers\ConstantBuffer.h">
      <Filter>Graphics\Buffers</Filter>
    </ClInclude>
    <ClInclude Include="Graphics\Camera\Camera.h">
      <Filter>Graphics\Camera</Filter>
    </ClInclude>
    <ClInclude Include="Graphics\GraphicsEngine.h">
      <Filter>Graphics</Filter>
    </ClInclude>
    <ClInclude Include="Graphics\Model\Model.h">
      <Filter>Graphics\Model</Filter>
    </ClInclude>
    <ClInclude Include="Graphics\Shaders\Shader.h">
      <Filter>Graphics\Shaders</Filter>
    </ClInclude>
    <ClInclude Include="Graphics\Shapes\Cube.h">
      <Filter>Graphics\Shapes</Filter>
    </ClInclude>
    <ClInclude Include="Graphics\Shapes\Pyramid.h">
      <Filter>Graphics\Shapes</Filter>
    </ClInclude>
    <ClInclude Include="Graphics\Shapes\Triangle.h">
      <Filter>Graphics\Shapes</Filter>
    </ClInclude>
    <ClInclude Include="MemoryTracker\MemoryTracker.h">
      <Filter>MemoryTracker</Filter>
    </ClInclude>
    <ClInclude Include="MemoryTracker\StackTrace.h">
      <Filter>MemoryTracker</Filter>
    </ClInclude>
    <ClInclude Include="MemoryTracker\StackWalker.h">
      <Filter>MemoryTracker</Filter>
    </ClInclude>
    <ClInclude Include="SimpleUtilities\InputManager.h">
      <Filter>SimpleUtilities</Filter>
    </ClInclude>
    <ClInclude Include="SimpleUtilities\Matrix4x4.h">
      <Filter>SimpleUtilities</Filter>
    </ClInclude>
    <ClInclude Include="SimpleUtilities\Timer.h">
      <Filter>SimpleUtilities</Filter>
    </ClInclude>
    <ClInclude Include="SimpleUtilities\Vector.h">
      <Filter>SimpleUtilities</Filter>
    </ClInclude>
    <ClInclude Include="SimpleUtilities\Vector2.h">
      <Filter>SimpleUtilities</Filter>
    </ClInclude>
    <ClInclude Include="SimpleUtilities\Vector3.h">
      <Filter>SimpleUtilities</Filter>
    </ClInclude>
    <ClInclude Include="SimpleUtilities\Vector4.h">
      <Filter>SimpleUtilities</Filter>
    </ClInclude>
    <ClInclude Include="engine.h" />
    <ClInclude Include="global.h" />
    <ClInclude Include="stdafx.h" />
  </ItemGroup>
  <ItemGroup>
    <ClCompile Include="Console\Console.cpp">
      <Filter>Console</Filter>
    </ClCompile>
    <ClCompile Include="Graphics\Buffers\ConstantBuffer.cpp">
      <Filter>Graphics\Buffers</Filter>
    </ClCompile>
    <ClCompile Include="Graphics\Camera\Camera.cpp">
      <Filter>Graphics\Camera</Filter>
    </ClCompile>
    <ClCompile Include="Graphics\GraphicsEngine.cpp">
      <Filter>Graphics</Filter>
    </ClCompile>
    <ClCompile Include="Graphics\Model\Model.cpp">
      <Filter>Graphics\Model</Filter>
    </ClCompile>
    <ClCompile Include="Graphics\Shaders\Shader.cpp">
      <Filter>Graphics\Shaders</Filter>
    </ClCompile>
    <ClCompile Include="Graphics\Shapes\Cube.cpp">
      <Filter>Graphics\Shapes</Filter>
    </ClCompile>
    <ClCompile Include="Graphics\Shapes\Pyramid.cpp">
      <Filter>Graphics\Shapes</Filter>
    </ClCompile>
    <ClCompile Include="Graphics\Shapes\Triangle.cpp">
      <Filter>Graphics\Shapes</Filter>
    </ClCompile>
    <ClCompile Include="MemoryTracker\MemoryTracker.cpp">
      <Filter>MemoryTracker</Filter>
    </ClCompile>
    <ClCompile Include="MemoryTracker\StackTrace.cpp">
      <Filter>MemoryTracker</Filter>
    </ClCompile>
    <ClCompile Include="MemoryTracker\StackWalker.cpp">
      <Filter>MemoryTracker</Filter>
    </ClCompile>
    <ClCompile Include="SimpleUtilities\InputManager.cpp">
      <Filter>SimpleUtilities</Filter>
    </ClCompile>
    <ClCompile Include="SimpleUtilities\Timer.cpp">
      <Filter>SimpleUtilities</Filter>
    </ClCompile>
    <ClCompile Include="engine.cpp" />
    <ClCompile Include="global.cpp" />
    <ClCompile Include="stdafx.cpp" />
  </ItemGroup>
  <ItemGroup>
    <FxCompile Include="Graphics\Shaders\PS\TrianglePS.hlsl">
      <Filter>Graphics\Shaders\PS</Filter>
    </FxCompile>
    <FxCompile Include="Graphics\Shaders\PS\TrianglePS_2.hlsl">
      <Filter>Graphics\Shaders\PS</Filter>
    </FxCompile>
    <FxCompile Include="Graphics\Shaders\VS\DefaultColorfulVS.hlsl">
      <Filter>Graphics\Shaders\VS</Filter>
    </FxCompile>
    <FxCompile Include="Graphics\Shaders\VS\DefaultVS.hlsl">
      <Filter>Graphics\Shaders\VS</Filter>
    </FxCompile>
    <FxCompile Include="Graphics\Shaders\VS\TriangleVS.hlsl">
      <Filter>Graphics\Shaders\VS</Filter>
    </FxCompile>
  </ItemGroup>
  <ItemGroup>
    <None Include="Graphics\Shaders\Common.hlsli">
      <Filter>Graphics\Shaders</Filter>
    </None>
  </ItemGroup>
</Project>